
Microsoft Visual Studio Solution File, Format Version 12.00
# Visual Studio Version 17
VisualStudioVersion = 17.8.34511.84
MinimumVisualStudioVersion = 10.0.40219.1
Project("{8BC9CEB8-8B4A-11D0-8D11-00A0C91BC942}") = "Project3", "Project3.vcxproj", "{7A7B398B-A42D-4A5A-8A58-FD6599E1C822}"
EndProject
Project("{54435603-DBB4-11D2-8724-00A0C9A8B90C}") = "TruckRecordingProgramSetup", "TruckRecordingProgramSetup\TruckRecordingProgramSetup.vdproj", "{841FB690-54CD-405D-8A30-66E57D6DF503}"
EndProject
Global
	GlobalSection(SolutionConfigurationPlatforms) = preSolution
		Debug|x64 = Debug|x64
		Debug|x86 = Debug|x86
		Release|x64 = Release|x64
		Release|x86 = Release|x86
	EndGlobalSection
	GlobalSection(ProjectConfigurationPlatforms) = postSolution
		{7A7B398B-A42D-4A5A-8A58-FD6599E1C822}.Debug|x64.ActiveCfg = Debug|x64
		{7A7B398B-A42D-4A5A-8A58-FD6599E1C822}.Debug|x64.Build.0 = Debug|x64
		{7A7B398B-A42D-4A5A-8A58-FD6599E1C822}.Debug|x86.ActiveCfg = Debug|Win32
		{7A7B398B-A42D-4A5A-8A58-FD6599E1C822}.Debug|x86.Build.0 = Debug|Win32
		{7A7B398B-A42D-4A5A-8A58-FD6599E1C822}.Release|x64.ActiveCfg = Release|x64
		{7A7B398B-A42D-4A5A-8A58-FD6599E1C822}.Release|x64.Build.0 = Release|x64
		{7A7B398B-A42D-4A5A-8A58-FD6599E1C822}.Release|x86.ActiveCfg = Release|Win32
		{7A7B398B-A42D-4A5A-8A58-FD6599E1C822}.Release|x86.Build.0 = Release|Win32
		{841FB690-54CD-405D-8A30-66E57D6DF503}.Debug|x64.ActiveCfg = Debug
		{841FB690-54CD-405D-8A30-66E57D6DF503}.Debug|x86.ActiveCfg = Debug
		{841FB690-54CD-405D-8A30-66E57D6DF503}.Release|x64.ActiveCfg = Release
		{841FB690-54CD-405D-8A30-66E57D6DF503}.Release|x86.ActiveCfg = Release
	EndGlobalSection
	GlobalSection(SolutionProperties) = preSolution
		HideSolutionNode = FALSE
	EndGlobalSection
	GlobalSection(ExtensibilityGlobals) = postSolution
		SolutionGuid = {147893BA-C37D-4116-A19D-30258650ED55}
	EndGlobalSection
EndGlobal
